
Microsoft Visual Studio Solution File, Format Version 12.00
# Visual Studio Version 16
VisualStudioVersion = 16.0.31129.286
MinimumVisualStudioVersion = 10.0.40219.1
Project("{9A19103F-16F7-4668-BE54-9A1E7A4F7556}") = "Entity", "Entity\Entity.csproj", "{1CBB3F7C-262B-4D7F-962D-41E59DD9ECFC}"
EndProject
Project("{9A19103F-16F7-4668-BE54-9A1E7A4F7556}") = "Peristence", "Peristence\Peristence.csproj", "{F836BD73-BDBB-402D-8087-00F5E629F4E0}"
EndProject
Project("{9A19103F-16F7-4668-BE54-9A1E7A4F7556}") = "Application", "Application\Application.csproj", "{AB3EBF7C-3B4A-403C-B90C-28E3849E35FF}"
EndProject
Project("{9A19103F-16F7-4668-BE54-9A1E7A4F7556}") = "Common", "Common\Common.csproj", "{FD03215D-906A-4513-B109-1DD5895DB3F2}"
EndProject
Project("{9A19103F-16F7-4668-BE54-9A1E7A4F7556}") = "Presentation", "Presentation\Presentation.csproj", "{E4C96AEC-5CB7-4AE5-8BBA-803EF71D1CA0}"
EndProject
Global
	GlobalSection(SolutionConfigurationPlatforms) = preSolution
		Debug|Any CPU = Debug|Any CPU
		Release|Any CPU = Release|Any CPU
	EndGlobalSection
	GlobalSection(ProjectConfigurationPlatforms) = postSolution
		{1CBB3F7C-262B-4D7F-962D-41E59DD9ECFC}.Debug|Any CPU.ActiveCfg = Debug|Any CPU
		{1CBB3F7C-262B-4D7F-962D-41E59DD9ECFC}.Debug|Any CPU.Build.0 = Debug|Any CPU
		{1CBB3F7C-262B-4D7F-962D-41E59DD9ECFC}.Release|Any CPU.ActiveCfg = Release|Any CPU
		{1CBB3F7C-262B-4D7F-962D-41E59DD9ECFC}.Release|Any CPU.Build.0 = Release|Any CPU
		{F836BD73-BDBB-402D-8087-00F5E629F4E0}.Debug|Any CPU.ActiveCfg = Debug|Any CPU
		{F836BD73-BDBB-402D-8087-00F5E629F4E0}.Debug|Any CPU.Build.0 = Debug|Any CPU
		{F836BD73-BDBB-402D-8087-00F5E629F4E0}.Release|Any CPU.ActiveCfg = Release|Any CPU
		{F836BD73-BDBB-402D-8087-00F5E629F4E0}.Release|Any CPU.Build.0 = Release|Any CPU
		{AB3EBF7C-3B4A-403C-B90C-28E3849E35FF}.Debug|Any CPU.ActiveCfg = Debug|Any CPU
		{AB3EBF7C-3B4A-403C-B90C-28E3849E35FF}.Debug|Any CPU.Build.0 = Debug|Any CPU
		{AB3EBF7C-3B4A-403C-B90C-28E3849E35FF}.Release|Any CPU.ActiveCfg = Release|Any CPU
		{AB3EBF7C-3B4A-403C-B90C-28E3849E35FF}.Release|Any CPU.Build.0 = Release|Any CPU
		{FD03215D-906A-4513-B109-1DD5895DB3F2}.Debug|Any CPU.ActiveCfg = Debug|Any CPU
		{FD03215D-906A-4513-B109-1DD5895DB3F2}.Debug|Any CPU.Build.0 = Debug|Any CPU
		{FD03215D-906A-4513-B109-1DD5895DB3F2}.Release|Any CPU.ActiveCfg = Release|Any CPU
		{FD03215D-906A-4513-B109-1DD5895DB3F2}.Release|Any CPU.Build.0 = Release|Any CPU
		{E4C96AEC-5CB7-4AE5-8BBA-803EF71D1CA0}.Debug|Any CPU.ActiveCfg = Debug|Any CPU
		{E4C96AEC-5CB7-4AE5-8BBA-803EF71D1CA0}.Debug|Any CPU.Build.0 = Debug|Any CPU
		{E4C96AEC-5CB7-4AE5-8BBA-803EF71D1CA0}.Release|Any CPU.ActiveCfg = Release|Any CPU
		{E4C96AEC-5CB7-4AE5-8BBA-803EF71D1CA0}.Release|Any CPU.Build.0 = Release|Any CPU
	EndGlobalSection
	GlobalSection(SolutionProperties) = preSolution
		HideSolutionNode = FALSE
	EndGlobalSection
	GlobalSection(ExtensibilityGlobals) = postSolution
		SolutionGuid = {C61173D7-7B8D-4824-BC92-7EE4BE13DEB8}
	EndGlobalSection
EndGlobal
